
Microsoft Visual Studio Solution File, Format Version 12.00
# Visual Studio Version 17
VisualStudioVersion = 17.14.36511.14 d17.14
MinimumVisualStudioVersion = 10.0.40219.1
Project("{FAE04EC0-301F-11D3-BF4B-00C04F79EFBC}") = "stock_mag", "stock_mag.csproj", "{5BBDD52B-04AE-4593-83AE-B8B36990BED7}"
EndProject
Global
	GlobalSection(SolutionConfigurationPlatforms) = preSolution
		Debug|Any CPU = Debug|Any CPU
		Release|Any CPU = Release|Any CPU
	EndGlobalSection
	GlobalSection(ProjectConfigurationPlatforms) = postSolution
		{5BBDD52B-04AE-4593-83AE-B8B36990BED7}.Debug|Any CPU.ActiveCfg = Debug|Any CPU
		{5BBDD52B-04AE-4593-83AE-B8B36990BED7}.Debug|Any CPU.Build.0 = Debug|Any CPU
		{5BBDD52B-04AE-4593-83AE-B8B36990BED7}.Release|Any CPU.ActiveCfg = Release|Any CPU
		{5BBDD52B-04AE-4593-83AE-B8B36990BED7}.Release|Any CPU.Build.0 = Release|Any CPU
	EndGlobalSection
	GlobalSection(SolutionProperties) = preSolution
		HideSolutionNode = FALSE
	EndGlobalSection
	GlobalSection(ExtensibilityGlobals) = postSolution
		SolutionGuid = {0F6D94FD-3EB2-483F-8FBA-FB53F543569C}
	EndGlobalSection
EndGlobal
