
Microsoft Visual Studio Solution File, Format Version 12.00
# Visual Studio Version 17
VisualStudioVersion = 17.14.36511.14 d17.14
MinimumVisualStudioVersion = 10.0.40219.1
Project("{FAE04EC0-301F-11D3-BF4B-00C04F79EFBC}") = "cal_amount", "cal_amount\cal_amount.csproj", "{A3C740B8-F105-463E-9FCC-8951F22E623C}"
EndProject
Global
	GlobalSection(SolutionConfigurationPlatforms) = preSolution
		Debug|Any CPU = Debug|Any CPU
		Release|Any CPU = Release|Any CPU
	EndGlobalSection
	GlobalSection(ProjectConfigurationPlatforms) = postSolution
		{A3C740B8-F105-463E-9FCC-8951F22E623C}.Debug|Any CPU.ActiveCfg = Debug|Any CPU
		{A3C740B8-F105-463E-9FCC-8951F22E623C}.Debug|Any CPU.Build.0 = Debug|Any CPU
		{A3C740B8-F105-463E-9FCC-8951F22E623C}.Release|Any CPU.ActiveCfg = Release|Any CPU
		{A3C740B8-F105-463E-9FCC-8951F22E623C}.Release|Any CPU.Build.0 = Release|Any CPU
	EndGlobalSection
	GlobalSection(SolutionProperties) = preSolution
		HideSolutionNode = FALSE
	EndGlobalSection
	GlobalSection(ExtensibilityGlobals) = postSolution
		SolutionGuid = {C5B621DD-192B-4EF8-98BD-040E5C0A727B}
	EndGlobalSection
EndGlobal
