
Microsoft Visual Studio Solution File, Format Version 12.00
# Visual Studio Version 17
VisualStudioVersion = 17.14.36511.14 d17.14
MinimumVisualStudioVersion = 10.0.40219.1
Project("{FAE04EC0-301F-11D3-BF4B-00C04F79EFBC}") = "palaceoa", "palaceoa.csproj", "{FAD03974-5833-449F-A6E5-78943DD90015}"
EndProject
Global
	GlobalSection(SolutionConfigurationPlatforms) = preSolution
		Debug|Any CPU = Debug|Any CPU
		Release|Any CPU = Release|Any CPU
	EndGlobalSection
	GlobalSection(ProjectConfigurationPlatforms) = postSolution
		{FAD03974-5833-449F-A6E5-78943DD90015}.Debug|Any CPU.ActiveCfg = Debug|Any CPU
		{FAD03974-5833-449F-A6E5-78943DD90015}.Debug|Any CPU.Build.0 = Debug|Any CPU
		{FAD03974-5833-449F-A6E5-78943DD90015}.Release|Any CPU.ActiveCfg = Release|Any CPU
		{FAD03974-5833-449F-A6E5-78943DD90015}.Release|Any CPU.Build.0 = Release|Any CPU
	EndGlobalSection
	GlobalSection(SolutionProperties) = preSolution
		HideSolutionNode = FALSE
	EndGlobalSection
	GlobalSection(ExtensibilityGlobals) = postSolution
		SolutionGuid = {351E984F-1EA9-4519-B0D1-27DE7B2E900B}
	EndGlobalSection
EndGlobal
